<?xml version="1.0" encoding="utf-8"?>
<Project ToolsVersion="4.0" xmlns="http://schemas.microsoft.com/developer/msbuild/2003">
  <ItemGroup>
    <Filter Include="소스 파일">
      <UniqueIdentifier>{4FC737F1-C7A5-4376-A066-2A32D752A2FF}</UniqueIdentifier>
      <Extensions>cpp;c;cc;cxx;c++;def;odl;idl;hpj;bat;asm;asmx</Extensions>
    </Filter>
    <Filter Include="헤더 파일">
      <UniqueIdentifier>{93995380-89BD-4b04-88EB-625FBE52EBFB}</UniqueIdentifier>
      <Extensions>h;hh;hpp;hxx;h++;hm;inl;inc;ipp;xsd</Extensions>
    </Filter>
    <Filter Include="리소스 파일">
      <UniqueIdentifier>{67DA6AB6-F800-4c08-8B7A-83BB121AAD01}</UniqueIdentifier>
      <Extensions>rc;ico;cur;bmp;dlg;rc2;rct;bin;rgs;gif;jpg;jpeg;jpe;resx;tiff;tif;png;wav;mfcribbon-ms</Extensions>
    </Filter>
    <Filter Include="소스 파일\ODBC">
      <UniqueIdentifier>{8ca853cc-e590-422b-beca-765fb39e9d1f}</UniqueIdentifier>
    </Filter>
    <Filter Include="소스 파일\Include">
      <UniqueIdentifier>{1e1ffecc-95c6-462f-8087-13448749af17}</UniqueIdentifier>
    </Filter>
    <Filter Include="소스 파일\StoredProcedure">
      <UniqueIdentifier>{b7932c3f-bbd4-4d91-87b2-967204c12b1e}</UniqueIdentifier>
    </Filter>
    <Filter Include="소스 파일\Reflection">
      <UniqueIdentifier>{2d8ed9c3-cf4d-4e7d-aba5-adce9c1db913}</UniqueIdentifier>
    </Filter>
    <Filter Include="소스 파일\GoogleTest">
      <UniqueIdentifier>{935e852b-1164-4c9e-a115-fa05ea4af219}</UniqueIdentifier>
    </Filter>
    <Filter Include="소스 파일\BuildConfig">
      <UniqueIdentifier>{40bb707a-5b79-48b8-a1e6-9eba0749ae8f}</UniqueIdentifier>
    </Filter>
    <Filter Include="소스 파일\Types">
      <UniqueIdentifier>{811260ae-2cc5-4146-9b99-a76ab62c6603}</UniqueIdentifier>
    </Filter>
    <Filter Include="소스 파일\DBServer">
      <UniqueIdentifier>{fd38075c-7c3c-4e43-99de-822325884fe5}</UniqueIdentifier>
    </Filter>
    <Filter Include="소스 파일\Protocol">
      <UniqueIdentifier>{0824d113-c403-4b3a-8764-e419c4f7c532}</UniqueIdentifier>
    </Filter>
  </ItemGroup>
  <ItemGroup>
    <ClCompile Include="ODBCConnector.cpp">
      <Filter>소스 파일\ODBC</Filter>
    </ClCompile>
    <ClCompile Include="..\..\..\..\Desktop\Common\Parse.cpp">
      <Filter>소스 파일\Include</Filter>
    </ClCompile>
    <ClCompile Include="..\..\..\..\Desktop\Common\PreCompile.cpp">
      <Filter>소스 파일\Include</Filter>
    </ClCompile>
    <ClCompile Include="main.cpp">
      <Filter>소스 파일</Filter>
    </ClCompile>
    <ClCompile Include="ODBCMetaData.cpp">
      <Filter>소스 파일\ODBC</Filter>
    </ClCompile>
    <ClCompile Include="ODBCUtil.cpp">
      <Filter>소스 파일\ODBC</Filter>
    </ClCompile>
    <ClCompile Include="GoogleTest.cpp">
      <Filter>소스 파일\GoogleTest</Filter>
    </ClCompile>
    <ClCompile Include="ReflectionTest.cpp">
      <Filter>소스 파일\GoogleTest</Filter>
    </ClCompile>
    <ClCompile Include="DBConnectorTest.cpp">
      <Filter>소스 파일\GoogleTest</Filter>
    </ClCompile>
    <ClCompile Include="PropertyMacro.h">
      <Filter>소스 파일\Reflection</Filter>
    </ClCompile>
    <ClCompile Include="TypeInfo.cpp">
      <Filter>소스 파일\Reflection</Filter>
    </ClCompile>
    <ClCompile Include="..\..\..\..\Desktop\Common\LanServer.cpp">
      <Filter>소스 파일\Include</Filter>
    </ClCompile>
    <ClCompile Include="..\..\..\..\Desktop\Common\LanServerSerializeBuf.cpp">
      <Filter>소스 파일\Include</Filter>
    </ClCompile>
    <ClCompile Include="DBServer.cpp">
      <Filter>소스 파일\DBServer</Filter>
    </ClCompile>
    <ClCompile Include="..\..\..\..\Desktop\Common\Ringbuffer.cpp">
      <Filter>소스 파일\Include</Filter>
    </ClCompile>
    <ClCompile Include="..\..\..\..\Desktop\Common\Log.cpp">
      <Filter>소스 파일\Include</Filter>
    </ClCompile>
    <ClCompile Include="PakcetHandler.cpp">
      <Filter>소스 파일\DBServer</Filter>
    </ClCompile>
  </ItemGroup>
  <ItemGroup>
    <ClInclude Include="ODBCConnector.h">
      <Filter>소스 파일\ODBC</Filter>
    </ClInclude>
    <ClInclude Include="ODBCMetaData.h">
      <Filter>소스 파일\ODBC</Filter>
    </ClInclude>
    <ClInclude Include="ODBCConst.h">
      <Filter>소스 파일\ODBC</Filter>
    </ClInclude>
    <ClInclude Include="ODBCUtil.h">
      <Filter>소스 파일\ODBC</Filter>
    </ClInclude>
    <ClInclude Include="StoredProcedure.h">
      <Filter>소스 파일\StoredProcedure</Filter>
    </ClInclude>
    <ClInclude Include="Reflection.h">
      <Filter>소스 파일\Reflection</Filter>
    </ClInclude>
    <ClInclude Include="GoogleTest.h">
      <Filter>소스 파일\GoogleTest</Filter>
    </ClInclude>
    <ClInclude Include="Property.h">
      <Filter>소스 파일\Reflection</Filter>
    </ClInclude>
    <ClInclude Include="TypeInfoMacro.h">
      <Filter>소스 파일\Reflection</Filter>
    </ClInclude>
    <ClInclude Include="BuildConfig.h">
      <Filter>소스 파일\BuildConfig</Filter>
    </ClInclude>
    <ClInclude Include="Type.h">
      <Filter>소스 파일\Types</Filter>
    </ClInclude>
    <ClInclude Include="ProcedureType.h">
      <Filter>소스 파일\StoredProcedure</Filter>
    </ClInclude>
    <ClInclude Include="Path.h">
      <Filter>헤더 파일</Filter>
    </ClInclude>
    <ClInclude Include="DBServer.h">
      <Filter>소스 파일\DBServer</Filter>
    </ClInclude>
    <ClInclude Include="..\..\RIOServerTest\RIO_Test\Protocol.h">
      <Filter>소스 파일\Protocol</Filter>
    </ClInclude>
    <ClInclude Include="DBServerProtocol.h">
      <Filter>소스 파일\Include</Filter>
    </ClInclude>
    <ClInclude Include="..\..\RIOServerTest\RIO_Test\EnumType.h">
      <Filter>소스 파일\Include</Filter>
    </ClInclude>
  </ItemGroup>
</Project>